
Microsoft Visual Studio Solution File, Format Version 12.00
# Visual Studio Version 16
VisualStudioVersion = 16.0.30114.105
MinimumVisualStudioVersion = 10.0.40219.1
Project("{2150E333-8FDC-42A3-9474-1A3956D46DE8}") = "src", "src", "{BFCFFB13-02B8-4446-ADC4-6E6431C1D1E3}"
EndProject
Project("{FAE04EC0-301F-11D3-BF4B-00C04F79EFBC}") = "Arthur.Verzele.FeatureMatching", "src\Arthur.Verzele.FeatureMatching\Arthur.Verzele.FeatureMatching.csproj", "{66F23029-BA8E-460D-B817-F3939F7329AB}"
EndProject
Project("{FAE04EC0-301F-11D3-BF4B-00C04F79EFBC}") = "Arthur.Verzele.FeatureMatching.Console", "src\Arthur.Verzele.FeatureMatching.Console\Arthur.Verzele.FeatureMatching.Console.csproj", "{A3917567-97CA-4D7E-B64A-76ABA8CB2CD6}"
EndProject
Project("{FAE04EC0-301F-11D3-BF4B-00C04F79EFBC}") = "Arthur.Verzele.FeatureMatching.WebApi", "src\Arthur.Verzele.FeatureMatching.WebApi\Arthur.Verzele.FeatureMatching.WebApi.csproj", "{93D3D833-96B4-4F67-81F7-3654F42866A3}"
EndProject
Project("{2150E333-8FDC-42A3-9474-1A3956D46DE8}") = "tests", "tests", "{42D86AAB-F644-4FFB-BB44-0BE558E1A7FD}"
EndProject
Project("{FAE04EC0-301F-11D3-BF4B-00C04F79EFBC}") = "Arthur.Verzele.FeatureMatching.Tests", "tests\Arthur.Verzele.FeatureMatching.Tests\Arthur.Verzele.FeatureMatching.Tests.csproj", "{D841862E-0A19-4779-B7E5-4C9B365EC7D8}"
EndProject
Global
	GlobalSection(SolutionConfigurationPlatforms) = preSolution
		Debug|Any CPU = Debug|Any CPU
		Release|Any CPU = Release|Any CPU
	EndGlobalSection
	GlobalSection(SolutionProperties) = preSolution
		HideSolutionNode = FALSE
	EndGlobalSection
	GlobalSection(ProjectConfigurationPlatforms) = postSolution
		{66F23029-BA8E-460D-B817-F3939F7329AB}.Debug|Any CPU.ActiveCfg = Debug|Any CPU
		{66F23029-BA8E-460D-B817-F3939F7329AB}.Debug|Any CPU.Build.0 = Debug|Any CPU
		{66F23029-BA8E-460D-B817-F3939F7329AB}.Release|Any CPU.ActiveCfg = Release|Any CPU
		{66F23029-BA8E-460D-B817-F3939F7329AB}.Release|Any CPU.Build.0 = Release|Any CPU
		{A3917567-97CA-4D7E-B64A-76ABA8CB2CD6}.Debug|Any CPU.ActiveCfg = Debug|Any CPU
		{A3917567-97CA-4D7E-B64A-76ABA8CB2CD6}.Debug|Any CPU.Build.0 = Debug|Any CPU
		{A3917567-97CA-4D7E-B64A-76ABA8CB2CD6}.Release|Any CPU.ActiveCfg = Release|Any CPU
		{A3917567-97CA-4D7E-B64A-76ABA8CB2CD6}.Release|Any CPU.Build.0 = Release|Any CPU
		{93D3D833-96B4-4F67-81F7-3654F42866A3}.Debug|Any CPU.ActiveCfg = Debug|Any CPU
		{93D3D833-96B4-4F67-81F7-3654F42866A3}.Debug|Any CPU.Build.0 = Debug|Any CPU
		{93D3D833-96B4-4F67-81F7-3654F42866A3}.Release|Any CPU.ActiveCfg = Release|Any CPU
		{93D3D833-96B4-4F67-81F7-3654F42866A3}.Release|Any CPU.Build.0 = Release|Any CPU
		{D841862E-0A19-4779-B7E5-4C9B365EC7D8}.Debug|Any CPU.ActiveCfg = Debug|Any CPU
		{D841862E-0A19-4779-B7E5-4C9B365EC7D8}.Debug|Any CPU.Build.0 = Debug|Any CPU
		{D841862E-0A19-4779-B7E5-4C9B365EC7D8}.Release|Any CPU.ActiveCfg = Release|Any CPU
		{D841862E-0A19-4779-B7E5-4C9B365EC7D8}.Release|Any CPU.Build.0 = Release|Any CPU
	EndGlobalSection
	GlobalSection(NestedProjects) = preSolution
		{66F23029-BA8E-460D-B817-F3939F7329AB} = {BFCFFB13-02B8-4446-ADC4-6E6431C1D1E3}
		{A3917567-97CA-4D7E-B64A-76ABA8CB2CD6} = {BFCFFB13-02B8-4446-ADC4-6E6431C1D1E3}
		{93D3D833-96B4-4F67-81F7-3654F42866A3} = {BFCFFB13-02B8-4446-ADC4-6E6431C1D1E3}
		{D841862E-0A19-4779-B7E5-4C9B365EC7D8} = {42D86AAB-F644-4FFB-BB44-0BE558E1A7FD}
	EndGlobalSection
EndGlobal
